
Microsoft Visual Studio Solution File, Format Version 12.00
# Visual Studio 15
VisualStudioVersion = 15.0.28307.705
MinimumVisualStudioVersion = 10.0.40219.1
Project("{8BC9CEB8-8B4A-11D0-8D11-00A0C91BC942}") = "Cuda", "Cuda\Cuda.vcxproj", "{DEB0E1ED-7E2B-4C40-9F82-70AD850F6AD1}"
EndProject
Global
	GlobalSection(SolutionConfigurationPlatforms) = preSolution
		Debug|x64 = Debug|x64
		Release|x64 = Release|x64
	EndGlobalSection
	GlobalSection(ProjectConfigurationPlatforms) = postSolution
		{DEB0E1ED-7E2B-4C40-9F82-70AD850F6AD1}.Debug|x64.ActiveCfg = Debug|x64
		{DEB0E1ED-7E2B-4C40-9F82-70AD850F6AD1}.Debug|x64.Build.0 = Debug|x64
		{DEB0E1ED-7E2B-4C40-9F82-70AD850F6AD1}.Release|x64.ActiveCfg = Release|x64
		{DEB0E1ED-7E2B-4C40-9F82-70AD850F6AD1}.Release|x64.Build.0 = Release|x64
	EndGlobalSection
	GlobalSection(SolutionProperties) = preSolution
		HideSolutionNode = FALSE
	EndGlobalSection
	GlobalSection(ExtensibilityGlobals) = postSolution
		SolutionGuid = {7C7627E1-93B5-4DE9-A932-E8F879C988D1}
	EndGlobalSection
EndGlobal
